
Microsoft Visual Studio Solution File, Format Version 12.00
# Visual Studio Version 16
VisualStudioVersion = 16.0.30225.117
MinimumVisualStudioVersion = 10.0.40219.1
Project("{FAE04EC0-301F-11D3-BF4B-00C04F79EFBC}") = "DotNetPrework", "DotNetPrework\DotNetPrework.csproj", "{B3011ADE-B35C-4988-B161-850E08B0F9CC}"
EndProject
Project("{2150E333-8FDC-42A3-9474-1A3956D46DE8}") = "prework", "prework", "{F5F99ECC-F4F5-4C92-BA0C-FC01F362D48B}"
EndProject
Global
	GlobalSection(SolutionConfigurationPlatforms) = preSolution
		Debug|Any CPU = Debug|Any CPU
		Release|Any CPU = Release|Any CPU
	EndGlobalSection
	GlobalSection(ProjectConfigurationPlatforms) = postSolution
		{B3011ADE-B35C-4988-B161-850E08B0F9CC}.Debug|Any CPU.ActiveCfg = Debug|Any CPU
		{B3011ADE-B35C-4988-B161-850E08B0F9CC}.Debug|Any CPU.Build.0 = Debug|Any CPU
		{B3011ADE-B35C-4988-B161-850E08B0F9CC}.Release|Any CPU.ActiveCfg = Release|Any CPU
		{B3011ADE-B35C-4988-B161-850E08B0F9CC}.Release|Any CPU.Build.0 = Release|Any CPU
	EndGlobalSection
	GlobalSection(SolutionProperties) = preSolution
		HideSolutionNode = FALSE
	EndGlobalSection
	GlobalSection(ExtensibilityGlobals) = postSolution
		SolutionGuid = {D0CE0D71-AE0F-4B8F-BC97-377A3173EF37}
	EndGlobalSection
EndGlobal
